
Microsoft Visual Studio Solution File, Format Version 12.00
# Visual Studio 15
VisualStudioVersion = 15.0.28010.2050
MinimumVisualStudioVersion = 10.0.40219.1
Project("{888888A0-9F3D-457C-B088-3A5042F75D52}") = "FirstDjangoWebProj", "FirstDjangoWebProj\FirstDjangoWebProj.pyproj", "{F7DFF4A2-9319-4B35-98F1-BE2C90C69881}"
EndProject
Global
	GlobalSection(SolutionConfigurationPlatforms) = preSolution
		Debug|Any CPU = Debug|Any CPU
		Release|Any CPU = Release|Any CPU
	EndGlobalSection
	GlobalSection(ProjectConfigurationPlatforms) = postSolution
		{F7DFF4A2-9319-4B35-98F1-BE2C90C69881}.Debug|Any CPU.ActiveCfg = Debug|Any CPU
		{F7DFF4A2-9319-4B35-98F1-BE2C90C69881}.Debug|Any CPU.Build.0 = Debug|Any CPU
		{F7DFF4A2-9319-4B35-98F1-BE2C90C69881}.Release|Any CPU.ActiveCfg = Release|Any CPU
		{F7DFF4A2-9319-4B35-98F1-BE2C90C69881}.Release|Any CPU.Build.0 = Release|Any CPU
	EndGlobalSection
	GlobalSection(SolutionProperties) = preSolution
		HideSolutionNode = FALSE
	EndGlobalSection
	GlobalSection(ExtensibilityGlobals) = postSolution
		SolutionGuid = {12A99F28-91EC-4366-B401-C184B18A6EDD}
	EndGlobalSection
EndGlobal
